
Microsoft Visual Studio Solution File, Format Version 12.00
# Visual Studio Version 17
VisualStudioVersion = 17.14.36603.0
MinimumVisualStudioVersion = 10.0.40219.1
Project("{FAE04EC0-301F-11D3-BF4B-00C04F79EFBC}") = "Therapy_Companion_API", "Therapy_Companion_API.csproj", "{E273177A-5A70-4A05-A176-1E1F4B2ADEB1}"
EndProject
Global
	GlobalSection(SolutionConfigurationPlatforms) = preSolution
		Debug|Any CPU = Debug|Any CPU
		Release|Any CPU = Release|Any CPU
	EndGlobalSection
	GlobalSection(ProjectConfigurationPlatforms) = postSolution
		{E273177A-5A70-4A05-A176-1E1F4B2ADEB1}.Debug|Any CPU.ActiveCfg = Debug|Any CPU
		{E273177A-5A70-4A05-A176-1E1F4B2ADEB1}.Debug|Any CPU.Build.0 = Debug|Any CPU
		{E273177A-5A70-4A05-A176-1E1F4B2ADEB1}.Release|Any CPU.ActiveCfg = Release|Any CPU
		{E273177A-5A70-4A05-A176-1E1F4B2ADEB1}.Release|Any CPU.Build.0 = Release|Any CPU
	EndGlobalSection
	GlobalSection(SolutionProperties) = preSolution
		HideSolutionNode = FALSE
	EndGlobalSection
	GlobalSection(ExtensibilityGlobals) = postSolution
		SolutionGuid = {585F0B76-9F3F-40B9-BBBA-3CCBF97AC116}
	EndGlobalSection
EndGlobal
